// !$*UTF8*$!
{
	archiveVersion = 1;
	classes = {
	};
	objectVersion = 55;
	objects = {

/* Begin PBXBuildFile section */
		94BC6EAA498A09BFB44B066E /* Pods_hw14.framework in Frameworks */ = {isa = PBXBuildFile; fileRef = B6A5E21C05B89DD8E7574391 /* Pods_hw14.framework */; };
		BA0E0F252852361F00ABDD20 /* AppDelegate.swift in Sources */ = {isa = PBXBuildFile; fileRef = BA0E0F242852361F00ABDD20 /* AppDelegate.swift */; };
		BA0E0F272852361F00ABDD20 /* SceneDelegate.swift in Sources */ = {isa = PBXBuildFile; fileRef = BA0E0F262852361F00ABDD20 /* SceneDelegate.swift */; };
		BA0E0F292852361F00ABDD20 /* ViewController.swift in Sources */ = {isa = PBXBuildFile; fileRef = BA0E0F282852361F00ABDD20 /* ViewController.swift */; };
		BA0E0F2C2852361F00ABDD20 /* Main.storyboard in Resources */ = {isa = PBXBuildFile; fileRef = BA0E0F2A2852361F00ABDD20 /* Main.storyboard */; };
		BA0E0F2E2852362000ABDD20 /* Assets.xcassets in Resources */ = {isa = PBXBuildFile; fileRef = BA0E0F2D2852362000ABDD20 /* Assets.xcassets */; };
		BA0E0F312852362000ABDD20 /* LaunchScreen.storyboard in Resources */ = {isa = PBXBuildFile; fileRef = BA0E0F2F2852362000ABDD20 /* LaunchScreen.storyboard */; };
		BA0E0F392852372200ABDD20 /* AlbumViewController.swift in Sources */ = {isa = PBXBuildFile; fileRef = BA0E0F382852372200ABDD20 /* AlbumViewController.swift */; };
		BA0E0F3D28523A2500ABDD20 /* MyAlbumsCollectionViewCell.swift in Sources */ = {isa = PBXBuildFile; fileRef = BA0E0F3C28523A2500ABDD20 /* MyAlbumsCollectionViewCell.swift */; };
		BA5E306E2857234700486293 /* Model.swift in Sources */ = {isa = PBXBuildFile; fileRef = BA5E306D2857234700486293 /* Model.swift */; };
		BAD59D772853445900B5B003 /* AlbumCollectionViewCell.swift in Sources */ = {isa = PBXBuildFile; fileRef = BAD59D762853445900B5B003 /* AlbumCollectionViewCell.swift */; };
/* End PBXBuildFile section */

/* Begin PBXFileReference section */
		B6A5E21C05B89DD8E7574391 /* Pods_hw14.framework */ = {isa = PBXFileReference; explicitFileType = wrapper.framework; includeInIndex = 0; path = Pods_hw14.framework; sourceTree = BUILT_PRODUCTS_DIR; };
		BA0E0F212852361F00ABDD20 /* hw14.app */ = {isa = PBXFileReference; explicitFileType = wrapper.application; includeInIndex = 0; path = hw14.app; sourceTree = BUILT_PRODUCTS_DIR; };
		BA0E0F242852361F00ABDD20 /* AppDelegate.swift */ = {isa = PBXFileReference; lastKnownFileType = sourcecode.swift; path = AppDelegate.swift; sourceTree = "<group>"; };
		BA0E0F262852361F00ABDD20 /* SceneDelegate.swift */ = {isa = PBXFileReference; lastKnownFileType = sourcecode.swift; path = SceneDelegate.swift; sourceTree = "<group>"; };
		BA0E0F282852361F00ABDD20 /* ViewController.swift */ = {isa = PBXFileReference; lastKnownFileType = sourcecode.swift; path = ViewController.swift; sourceTree = "<group>"; };
		BA0E0F2B2852361F00ABDD20 /* Base */ = {isa = PBXFileReference; lastKnownFileType = file.storyboard; name = Base; path = Base.lproj/Main.storyboard; sourceTree = "<group>"; };
		BA0E0F2D2852362000ABDD20 /* Assets.xcassets */ = {isa = PBXFileReference; lastKnownFileType = folder.assetcatalog; path = Assets.xcassets; sourceTree = "<group>"; };
		BA0E0F302852362000ABDD20 /* Base */ = {isa = PBXFileReference; lastKnownFileType = file.storyboard; name = Base; path = Base.lproj/LaunchScreen.storyboard; sourceTree = "<group>"; };
		BA0E0F322852362000ABDD20 /* Info.plist */ = {isa = PBXFileReference; lastKnownFileType = text.plist.xml; path = Info.plist; sourceTree = "<group>"; };
		BA0E0F382852372200ABDD20 /* AlbumViewController.swift */ = {isa = PBXFileReference; lastKnownFileType = sourcecode.swift; path = AlbumViewController.swift; sourceTree = "<group>"; };
		BA0E0F3C28523A2500ABDD20 /* MyAlbumsCollectionViewCell.swift */ = {isa = PBXFileReference; lastKnownFileType = sourcecode.swift; path = MyAlbumsCollectionViewCell.swift; sourceTree = "<group>"; };
		BA5E306D2857234700486293 /* Model.swift */ = {isa = PBXFileReference; lastKnownFileType = sourcecode.swift; path = Model.swift; sourceTree = "<group>"; };
		BAD59D762853445900B5B003 /* AlbumCollectionViewCell.swift */ = {isa = PBXFileReference; lastKnownFileType = sourcecode.swift; path = AlbumCollectionViewCell.swift; sourceTree = "<group>"; };
		BD40DB00A4EC2F5526B1754B /* Pods-hw14.release.xcconfig */ = {isa = PBXFileReference; includeInIndex = 1; lastKnownFileType = text.xcconfig; name = "Pods-hw14.release.xcconfig"; path = "Target Support Files/Pods-hw14/Pods-hw14.release.xcconfig"; sourceTree = "<group>"; };
		C96AE55D000C8F51EF0B2746 /* Pods-hw14.debug.xcconfig */ = {isa = PBXFileReference; includeInIndex = 1; lastKnownFileType = text.xcconfig; name = "Pods-hw14.debug.xcconfig"; path = "Target Support Files/Pods-hw14/Pods-hw14.debug.xcconfig"; sourceTree = "<group>"; };
/* End PBXFileReference section */

/* Begin PBXFrameworksBuildPhase section */
		BA0E0F1E2852361F00ABDD20 /* Frameworks */ = {
			isa = PBXFrameworksBuildPhase;
			buildActionMask = 2147483647;
			files = (
				94BC6EAA498A09BFB44B066E /* Pods_hw14.framework in Frameworks */,
			);
			runOnlyForDeploymentPostprocessing = 0;
		};
/* End PBXFrameworksBuildPhase section */

/* Begin PBXGroup section */
		604A7ECC1591E4A7A317BB10 /* Pods */ = {
			isa = PBXGroup;
			children = (
				C96AE55D000C8F51EF0B2746 /* Pods-hw14.debug.xcconfig */,
				BD40DB00A4EC2F5526B1754B /* Pods-hw14.release.xcconfig */,
			);
			path = Pods;
			sourceTree = "<group>";
		};
		BA0E0F182852361F00ABDD20 = {
			isa = PBXGroup;
			children = (
				BA0E0F232852361F00ABDD20 /* hw14 */,
				BA0E0F222852361F00ABDD20 /* Products */,
				604A7ECC1591E4A7A317BB10 /* Pods */,
				E2DD2A7BBD78AC35925E85DD /* Frameworks */,
			);
			sourceTree = "<group>";
		};
		BA0E0F222852361F00ABDD20 /* Products */ = {
			isa = PBXGroup;
			children = (
				BA0E0F212852361F00ABDD20 /* hw14.app */,
			);
			name = Products;
			sourceTree = "<group>";
		};
		BA0E0F232852361F00ABDD20 /* hw14 */ = {
			isa = PBXGroup;
			children = (
				BA0E0F242852361F00ABDD20 /* AppDelegate.swift */,
				BA0E0F262852361F00ABDD20 /* SceneDelegate.swift */,
				BA0E0F282852361F00ABDD20 /* ViewController.swift */,
				BA0E0F2A2852361F00ABDD20 /* Main.storyboard */,
				BA0E0F2D2852362000ABDD20 /* Assets.xcassets */,
				BA0E0F2F2852362000ABDD20 /* LaunchScreen.storyboard */,
				BA0E0F322852362000ABDD20 /* Info.plist */,
				BA0E0F382852372200ABDD20 /* AlbumViewController.swift */,
				BA0E0F3C28523A2500ABDD20 /* MyAlbumsCollectionViewCell.swift */,
				BAD59D762853445900B5B003 /* AlbumCollectionViewCell.swift */,
				BA5E306D2857234700486293 /* Model.swift */,
			);
			path = hw14;
			sourceTree = "<group>";
		};
		E2DD2A7BBD78AC35925E85DD /* Frameworks */ = {
			isa = PBXGroup;
			children = (
				B6A5E21C05B89DD8E7574391 /* Pods_hw14.framework */,
			);
			name = Frameworks;
			sourceTree = "<group>";
		};
/* End PBXGroup section */

/* Begin PBXNativeTarget section */
		BA0E0F202852361F00ABDD20 /* hw14 */ = {
			isa = PBXNativeTarget;
			buildConfigurationList = BA0E0F352852362000ABDD20 /* Build configuration list for PBXNativeTarget "hw14" */;
			buildPhases = (
				832C9155D0E5CF7E9159F519 /* [CP] Check Pods Manifest.lock */,
				BA0E0F1D2852361F00ABDD20 /* Sources */,
				BA0E0F1E2852361F00ABDD20 /* Frameworks */,
				BA0E0F1F2852361F00ABDD20 /* Resources */,
				D82FDC91F0C8B0A9254040DB /* [CP] Embed Pods Frameworks */,
			);
			buildRules = (
			);
			dependencies = (
			);
			name = hw14;
			productName = hw14;
			productReference = BA0E0F212852361F00ABDD20 /* hw14.app */;
			productType = "com.apple.product-type.application";
		};
/* End PBXNativeTarget section */

/* Begin PBXProject section */
		BA0E0F192852361F00ABDD20 /* Project object */ = {
			isa = PBXProject;
			attributes = {
				BuildIndependentTargetsInParallel = 1;
				LastSwiftUpdateCheck = 1330;
				LastUpgradeCheck = 1330;
				TargetAttributes = {
					BA0E0F202852361F00ABDD20 = {
						CreatedOnToolsVersion = 13.3;
					};
				};
			};
			buildConfigurationList = BA0E0F1C2852361F00ABDD20 /* Build configuration list for PBXProject "hw14" */;
			compatibilityVersion = "Xcode 13.0";
			developmentRegion = en;
			hasScannedForEncodings = 0;
			knownRegions = (
				en,
				Base,
			);
			mainGroup = BA0E0F182852361F00ABDD20;
			productRefGroup = BA0E0F222852361F00ABDD20 /* Products */;
			projectDirPath = "";
			projectRoot = "";
			targets = (
				BA0E0F202852361F00ABDD20 /* hw14 */,
			);
		};
/* End PBXProject section */

/* Begin PBXResourcesBuildPhase section */
		BA0E0F1F2852361F00ABDD20 /* Resources */ = {
			isa = PBXResourcesBuildPhase;
			buildActionMask = 2147483647;
			files = (
				BA0E0F312852362000ABDD20 /* LaunchScreen.storyboard in Resources */,
				BA0E0F2E2852362000ABDD20 /* Assets.xcassets in Resources */,
				BA0E0F2C2852361F00ABDD20 /* Main.storyboard in Resources */,
			);
			runOnlyForDeploymentPostprocessing = 0;
		};
/* End PBXResourcesBuildPhase section */

/* Begin PBXShellScriptBuildPhase section */
		832C9155D0E5CF7E9159F519 /* [CP] Check Pods Manifest.lock */ = {
			isa = PBXShellScriptBuildPhase;
			buildActionMask = 2147483647;
			files = (
			);
			inputFileListPaths = (
			);
			inputPaths = (
				"${PODS_PODFILE_DIR_PATH}/Podfile.lock",
				"${PODS_ROOT}/Manifest.lock",
			);
			name = "[CP] Check Pods Manifest.lock";
			outputFileListPaths = (
			);
			outputPaths = (
				"$(DERIVED_FILE_DIR)/Pods-hw14-checkManifestLockResult.txt",
			);
			runOnlyForDeploymentPostprocessing = 0;
			shellPath = /bin/sh;
			shellScript = "diff \"${PODS_PODFILE_DIR_PATH}/Podfile.lock\" \"${PODS_ROOT}/Manifest.lock\" > /dev/null\nif [ $? != 0 ] ; then\n    # print error to STDERR\n    echo \"error: The sandbox is not in sync with the Podfile.lock. Run 'pod install' or update your CocoaPods installation.\" >&2\n    exit 1\nfi\n# This output is used by Xcode 'outputs' to avoid re-running this script phase.\necho \"SUCCESS\" > \"${SCRIPT_OUTPUT_FILE_0}\"\n";
			showEnvVarsInLog = 0;
		};
		D82FDC91F0C8B0A9254040DB /* [CP] Embed Pods Frameworks */ = {
			isa = PBXShellScriptBuildPhase;
			buildActionMask = 2147483647;
			files = (
			);
			inputFileListPaths = (
				"${PODS_ROOT}/Target Support Files/Pods-hw14/Pods-hw14-frameworks-${CONFIGURATION}-input-files.xcfilelist",
			);
			name = "[CP] Embed Pods Frameworks";
			outputFileListPaths = (
				"${PODS_ROOT}/Target Support Files/Pods-hw14/Pods-hw14-frameworks-${CONFIGURATION}-output-files.xcfilelist",
			);
			runOnlyForDeploymentPostprocessing = 0;
			shellPath = /bin/sh;
			shellScript = "\"${PODS_ROOT}/Target Support Files/Pods-hw14/Pods-hw14-frameworks.sh\"\n";
			showEnvVarsInLog = 0;
		};
/* End PBXShellScriptBuildPhase section */

/* Begin PBXSourcesBuildPhase section */
		BA0E0F1D2852361F00ABDD20 /* Sources */ = {
			isa = PBXSourcesBuildPhase;
			buildActionMask = 2147483647;
			files = (
				BA5E306E2857234700486293 /* Model.swift in Sources */,
				BAD59D772853445900B5B003 /* AlbumCollectionViewCell.swift in Sources */,
				BA0E0F392852372200ABDD20 /* AlbumViewController.swift in Sources */,
				BA0E0F3D28523A2500ABDD20 /* MyAlbumsCollectionViewCell.swift in Sources */,
				BA0E0F292852361F00ABDD20 /* ViewController.swift in Sources */,
				BA0E0F252852361F00ABDD20 /* AppDelegate.swift in Sources */,
				BA0E0F272852361F00ABDD20 /* SceneDelegate.swift in Sources */,
			);
			runOnlyForDeploymentPostprocessing = 0;
		};
/* End PBXSourcesBuildPhase section */

/* Begin PBXVariantGroup section */
		BA0E0F2A2852361F00ABDD20 /* Main.storyboard */ = {
			isa = PBXVariantGroup;
			children = (
				BA0E0F2B2852361F00ABDD20 /* Base */,
			);
			name = Main.storyboard;
			sourceTree = "<group>";
		};
		BA0E0F2F2852362000ABDD20 /* LaunchScreen.storyboard */ = {
			isa = PBXVariantGroup;
			children = (
				BA0E0F302852362000ABDD20 /* Base */,
			);
			name = LaunchScreen.storyboard;
			sourceTree = "<group>";
		};
/* End PBXVariantGroup section */

/* Begin XCBuildConfiguration section */
		BA0E0F332852362000ABDD20 /* Debug */ = {
			isa = XCBuildConfiguration;
			buildSettings = {
				ALWAYS_SEARCH_USER_PATHS = NO;
				CLANG_ANALYZER_NONNULL = YES;
				CLANG_ANALYZER_NUMBER_OBJECT_CONVERSION = YES_AGGRESSIVE;
				CLANG_CXX_LANGUAGE_STANDARD = "gnu++17";
				CLANG_ENABLE_MODULES = YES;
				CLANG_ENABLE_OBJC_ARC = YES;
				CLANG_ENABLE_OBJC_WEAK = YES;
				CLANG_WARN_BLOCK_CAPTURE_AUTORELEASING = YES;
				CLANG_WARN_BOOL_CONVERSION = YES;
				CLANG_WARN_COMMA = YES;
				CLANG_WARN_CONSTANT_CONVERSION = YES;
				CLANG_WARN_DEPRECATED_OBJC_IMPLEMENTATIONS = YES;
				CLANG_WARN_DIRECT_OBJC_ISA_USAGE = YES_ERROR;
				CLANG_WARN_DOCUMENTATION_COMMENTS = YES;
				CLANG_WARN_EMPTY_BODY = YES;
				CLANG_WARN_ENUM_CONVERSION = YES;
				CLANG_WARN_INFINITE_RECURSION = YES;
				CLANG_WARN_INT_CONVERSION = YES;
				CLANG_WARN_NON_LITERAL_NULL_CONVERSION = YES;
				CLANG_WARN_OBJC_IMPLICIT_RETAIN_SELF = YES;
				CLANG_WARN_OBJC_LITERAL_CONVERSION = YES;
				CLANG_WARN_OBJC_ROOT_CLASS = YES_ERROR;
				CLANG_WARN_QUOTED_INCLUDE_IN_FRAMEWORK_HEADER = YES;
				CLANG_WARN_RANGE_LOOP_ANALYSIS = YES;
				CLANG_WARN_STRICT_PROTOTYPES = YES;
				CLANG_WARN_SUSPICIOUS_MOVE = YES;
				CLANG_WARN_UNGUARDED_AVAILABILITY = YES_AGGRESSIVE;
				CLANG_WARN_UNREACHABLE_CODE = YES;
				CLANG_WARN__DUPLICATE_METHOD_MATCH = YES;
				COPY_PHASE_STRIP = NO;
				DEBUG_INFORMATION_FORMAT = dwarf;
				ENABLE_STRICT_OBJC_MSGSEND = YES;
				ENABLE_TESTABILITY = YES;
				GCC_C_LANGUAGE_STANDARD = gnu11;
				GCC_DYNAMIC_NO_PIC = NO;
				GCC_NO_COMMON_BLOCKS = YES;
				GCC_OPTIMIZATION_LEVEL = 0;
				GCC_PREPROCESSOR_DEFINITIONS = (
					"DEBUG=1",
					"$(inherited)",
				);
				GCC_WARN_64_TO_32_BIT_CONVERSION = YES;
				GCC_WARN_ABOUT_RETURN_TYPE = YES_ERROR;
				GCC_WARN_UNDECLARED_SELECTOR = YES;
				GCC_WARN_UNINITIALIZED_AUTOS = YES_AGGRESSIVE;
				GCC_WARN_UNUSED_FUNCTION = YES;
				GCC_WARN_UNUSED_VARIABLE = YES;
				IPHONEOS_DEPLOYMENT_TARGET = 15.4;
				MTL_ENABLE_DEBUG_INFO = INCLUDE_SOURCE;
				MTL_FAST_MATH = YES;
				ONLY_ACTIVE_ARCH = YES;
				SDKROOT = iphoneos;
				SWIFT_ACTIVE_COMPILATION_CONDITIONS = DEBUG;
				SWIFT_OPTIMIZATION_LEVEL = "-Onone";
			};
			name = Debug;
		};
		BA0E0F342852362000ABDD20 /* Release */ = {
			isa = XCBuildConfiguration;
			buildSettings = {
				ALWAYS_SEARCH_USER_PATHS = NO;
				CLANG_ANALYZER_NONNULL = YES;
				CLANG_ANALYZER_NUMBER_OBJECT_CONVERSION = YES_AGGRESSIVE;
				CLANG_CXX_LANGUAGE_STANDARD = "gnu++17";
				CLANG_ENABLE_MODULES = YES;
				CLANG_ENABLE_OBJC_ARC = YES;
				CLANG_ENABLE_OBJC_WEAK = YES;
				CLANG_WARN_BLOCK_CAPTURE_AUTORELEASING = YES;
				CLANG_WARN_BOOL_CONVERSION = YES;
				CLANG_WARN_COMMA = YES;
				CLANG_WARN_CONSTANT_CONVERSION = YES;
				CLANG_WARN_DEPRECATED_OBJC_IMPLEMENTATIONS = YES;
				CLANG_WARN_DIRECT_OBJC_ISA_USAGE = YES_ERROR;
				CLANG_WARN_DOCUMENTATION_COMMENTS = YES;
				CLANG_WARN_EMPTY_BODY = YES;
				CLANG_WARN_ENUM_CONVERSION = YES;
				CLANG_WARN_INFINITE_RECURSION = YES;
				CLANG_WARN_INT_CONVERSION = YES;
				CLANG_WARN_NON_LITERAL_NULL_CONVERSION = YES;
				CLANG_WARN_OBJC_IMPLICIT_RETAIN_SELF = YES;
				CLANG_WARN_OBJC_LITERAL_CONVERSION = YES;
				CLANG_WARN_OBJC_ROOT_CLASS = YES_ERROR;
				CLANG_WARN_QUOTED_INCLUDE_IN_FRAMEWORK_HEADER = YES;
				CLANG_WARN_RANGE_LOOP_ANALYSIS = YES;
				CLANG_WARN_STRICT_PROTOTYPES = YES;
				CLANG_WARN_SUSPICIOUS_MOVE = YES;
				CLANG_WARN_UNGUARDED_AVAILABILITY = YES_AGGRESSIVE;
				CLANG_WARN_UNREACHABLE_CODE = YES;
				CLANG_WARN__DUPLICATE_METHOD_MATCH = YES;
				COPY_PHASE_STRIP = NO;
				DEBUG_INFORMATION_FORMAT = "dwarf-with-dsym";
				ENABLE_NS_ASSERTIONS = NO;
				ENABLE_STRICT_OBJC_MSGSEND = YES;
				GCC_C_LANGUAGE_STANDARD = gnu11;
				GCC_NO_COMMON_BLOCKS = YES;
				GCC_WARN_64_TO_32_BIT_CONVERSION = YES;
				GCC_WARN_ABOUT_RETURN_TYPE = YES_ERROR;
				GCC_WARN_UNDECLARED_SELECTOR = YES;
				GCC_WARN_UNINITIALIZED_AUTOS = YES_AGGRESSIVE;
				GCC_WARN_UNUSED_FUNCTION = YES;
				GCC_WARN_UNUSED_VARIABLE = YES;
				IPHONEOS_DEPLOYMENT_TARGET = 15.4;
				MTL_ENABLE_DEBUG_INFO = NO;
				MTL_FAST_MATH = YES;
				SDKROOT = iphoneos;
				SWIFT_COMPILATION_MODE = wholemodule;
				SWIFT_OPTIMIZATION_LEVEL = "-O";
				VALIDATE_PRODUCT = YES;
			};
			name = Release;
		};
		BA0E0F362852362000ABDD20 /* Debug */ = {
			isa = XCBuildConfiguration;
			baseConfigurationReference = C96AE55D000C8F51EF0B2746 /* Pods-hw14.debug.xcconfig */;
			buildSettings = {
				ASSETCATALOG_COMPILER_APPICON_NAME = AppIcon;
				ASSETCATALOG_COMPILER_GLOBAL_ACCENT_COLOR_NAME = AccentColor;
				CODE_SIGN_STYLE = Automatic;
				CURRENT_PROJECT_VERSION = 1;
				DEVELOPMENT_TEAM = 9A7Q9CH3UQ;
				GENERATE_INFOPLIST_FILE = YES;
				INFOPLIST_FILE = hw14/Info.plist;
				INFOPLIST_KEY_UIApplicationSupportsIndirectInputEvents = YES;
				INFOPLIST_KEY_UILaunchStoryboardName = LaunchScreen;
				INFOPLIST_KEY_UIMainStoryboardFile = Main;
				INFOPLIST_KEY_UISupportedInterfaceOrientations_iPad = "UIInterfaceOrientationPortrait UIInterfaceOrientationPortraitUpsideDown UIInterfaceOrientationLandscapeLeft UIInterfaceOrientationLandscapeRight";
				INFOPLIST_KEY_UISupportedInterfaceOrientations_iPhone = "UIInterfaceOrientationPortrait UIInterfaceOrientationLandscapeLeft UIInterfaceOrientationLandscapeRight";
				LD_RUNPATH_SEARCH_PATHS = (
					"$(inherited)",
					"@executable_path/Frameworks",
				);
				MARKETING_VERSION = 1.0;
				PRODUCT_BUNDLE_IDENTIFIER = alexeypanda.hw14;
				PRODUCT_NAME = "$(TARGET_NAME)";
				SWIFT_EMIT_LOC_STRINGS = YES;
				SWIFT_VERSION = 5.0;
				TARGETED_DEVICE_FAMILY = "1,2";
			};
			name = Debug;
		};
		BA0E0F372852362000ABDD20 /* Release */ = {
			isa = XCBuildConfiguration;
			baseConfigurationReference = BD40DB00A4EC2F5526B1754B /* Pods-hw14.release.xcconfig */;
			buildSettings = {
				ASSETCATALOG_COMPILER_APPICON_NAME = AppIcon;
				ASSETCATALOG_COMPILER_GLOBAL_ACCENT_COLOR_NAME = AccentColor;
				CODE_SIGN_STYLE = Automatic;
				CURRENT_PROJECT_VERSION = 1;
				DEVELOPMENT_TEAM = 9A7Q9CH3UQ;
				GENERATE_INFOPLIST_FILE = YES;
				INFOPLIST_FILE = hw14/Info.plist;
				INFOPLIST_KEY_UIApplicationSupportsIndirectInputEvents = YES;
				INFOPLIST_KEY_UILaunchStoryboardName = LaunchScreen;
				INFOPLIST_KEY_UIMainStoryboardFile = Main;
				INFOPLIST_KEY_UISupportedInterfaceOrientations_iPad = "UIInterfaceOrientationPortrait UIInterfaceOrientationPortraitUpsideDown UIInterfaceOrientationLandscapeLeft UIInterfaceOrientationLandscapeRight";
				INFOPLIST_KEY_UISupportedInterfaceOrientations_iPhone = "UIInterfaceOrientationPortrait UIInterfaceOrientationLandscapeLeft UIInterfaceOrientationLandscapeRight";
				LD_RUNPATH_SEARCH_PATHS = (
					"$(inherited)",
					"@executable_path/Frameworks",
				);
				MARKETING_VERSION = 1.0;
				PRODUCT_BUNDLE_IDENTIFIER = alexeypanda.hw14;
				PRODUCT_NAME = "$(TARGET_NAME)";
				SWIFT_EMIT_LOC_STRINGS = YES;
				SWIFT_VERSION = 5.0;
				TARGETED_DEVICE_FAMILY = "1,2";
			};
			name = Release;
		};
/* End XCBuildConfiguration section */

/* Begin XCConfigurationList section */
		BA0E0F1C2852361F00ABDD20 /* Build configuration list for PBXProject "hw14" */ = {
			isa = XCConfigurationList;
			buildConfigurations = (
				BA0E0F332852362000ABDD20 /* Debug */,
				BA0E0F342852362000ABDD20 /* Release */,
			);
			defaultConfigurationIsVisible = 0;
			defaultConfigurationName = Release;
		};
		BA0E0F352852362000ABDD20 /* Build configuration list for PBXNativeTarget "hw14" */ = {
			isa = XCConfigurationList;
			buildConfigurations = (
				BA0E0F362852362000ABDD20 /* Debug */,
				BA0E0F372852362000ABDD20 /* Release */,
			);
			defaultConfigurationIsVisible = 0;
			defaultConfigurationName = Release;
		};
/* End XCConfigurationList section */
	};
	rootObject = BA0E0F192852361F00ABDD20 /* Project object */;
}
